
Microsoft Visual Studio Solution File, Format Version 12.00
# Visual Studio 15
VisualStudioVersion = 15.0.28010.2003
MinimumVisualStudioVersion = 10.0.40219.1
Project("{FAE04EC0-301F-11D3-BF4B-00C04F79EFBC}") = "Clases", "Clases\Clases.csproj", "{B9F540D4-28F2-402A-98ED-FDE094CEF6CC}"
EndProject
Project("{FAE04EC0-301F-11D3-BF4B-00C04F79EFBC}") = "Test", "Test\Test.csproj", "{9BEA00A5-3EB0-4CAF-AE72-886C0B7067DD}"
EndProject
Global
	GlobalSection(SolutionConfigurationPlatforms) = preSolution
		Debug|Any CPU = Debug|Any CPU
		Release|Any CPU = Release|Any CPU
	EndGlobalSection
	GlobalSection(ProjectConfigurationPlatforms) = postSolution
		{B9F540D4-28F2-402A-98ED-FDE094CEF6CC}.Debug|Any CPU.ActiveCfg = Debug|Any CPU
		{B9F540D4-28F2-402A-98ED-FDE094CEF6CC}.Debug|Any CPU.Build.0 = Debug|Any CPU
		{B9F540D4-28F2-402A-98ED-FDE094CEF6CC}.Release|Any CPU.ActiveCfg = Release|Any CPU
		{B9F540D4-28F2-402A-98ED-FDE094CEF6CC}.Release|Any CPU.Build.0 = Release|Any CPU
		{9BEA00A5-3EB0-4CAF-AE72-886C0B7067DD}.Debug|Any CPU.ActiveCfg = Debug|Any CPU
		{9BEA00A5-3EB0-4CAF-AE72-886C0B7067DD}.Debug|Any CPU.Build.0 = Debug|Any CPU
		{9BEA00A5-3EB0-4CAF-AE72-886C0B7067DD}.Release|Any CPU.ActiveCfg = Release|Any CPU
		{9BEA00A5-3EB0-4CAF-AE72-886C0B7067DD}.Release|Any CPU.Build.0 = Release|Any CPU
	EndGlobalSection
	GlobalSection(SolutionProperties) = preSolution
		HideSolutionNode = FALSE
	EndGlobalSection
	GlobalSection(ExtensibilityGlobals) = postSolution
		SolutionGuid = {28779F68-137F-4158-8E3E-A87040C7E25D}
	EndGlobalSection
EndGlobal
