
Microsoft Visual Studio Solution File, Format Version 12.00
# Visual Studio 15
VisualStudioVersion = 15.0.27428.2015
MinimumVisualStudioVersion = 10.0.40219.1
Project("{FAE04EC0-301F-11D3-BF4B-00C04F79EFBC}") = "MiCalculadora", "MiCalculadora\MiCalculadora.csproj", "{A9BF3341-5F4D-438A-9EB0-EEBE7938055C}"
EndProject
Project("{FAE04EC0-301F-11D3-BF4B-00C04F79EFBC}") = "Calculadora", "ClassLibrary1\Calculadora.csproj", "{9044419F-B62B-487A-B033-945B7542F704}"
EndProject
Global
	GlobalSection(SolutionConfigurationPlatforms) = preSolution
		Debug|Any CPU = Debug|Any CPU
		Release|Any CPU = Release|Any CPU
	EndGlobalSection
	GlobalSection(ProjectConfigurationPlatforms) = postSolution
		{A9BF3341-5F4D-438A-9EB0-EEBE7938055C}.Debug|Any CPU.ActiveCfg = Debug|Any CPU
		{A9BF3341-5F4D-438A-9EB0-EEBE7938055C}.Debug|Any CPU.Build.0 = Debug|Any CPU
		{A9BF3341-5F4D-438A-9EB0-EEBE7938055C}.Release|Any CPU.ActiveCfg = Release|Any CPU
		{A9BF3341-5F4D-438A-9EB0-EEBE7938055C}.Release|Any CPU.Build.0 = Release|Any CPU
		{9044419F-B62B-487A-B033-945B7542F704}.Debug|Any CPU.ActiveCfg = Debug|Any CPU
		{9044419F-B62B-487A-B033-945B7542F704}.Debug|Any CPU.Build.0 = Debug|Any CPU
		{9044419F-B62B-487A-B033-945B7542F704}.Release|Any CPU.ActiveCfg = Release|Any CPU
		{9044419F-B62B-487A-B033-945B7542F704}.Release|Any CPU.Build.0 = Release|Any CPU
	EndGlobalSection
	GlobalSection(SolutionProperties) = preSolution
		HideSolutionNode = FALSE
	EndGlobalSection
	GlobalSection(ExtensibilityGlobals) = postSolution
		SolutionGuid = {F18330BC-02EC-4B5E-A349-3A198393C655}
	EndGlobalSection
EndGlobal
