
Microsoft Visual Studio Solution File, Format Version 12.00
# Visual Studio 15
VisualStudioVersion = 15.0.27703.2047
MinimumVisualStudioVersion = 10.0.40219.1
Project("{FAE04EC0-301F-11D3-BF4B-00C04F79EFBC}") = "Ejercicio00", "Ejercicio00\Ejercicio00.csproj", "{FD9600AF-8466-45FD-B685-FFEA4BC4F1A1}"
EndProject
Project("{FAE04EC0-301F-11D3-BF4B-00C04F79EFBC}") = "Ejercicio01", "Ejercicio01\Ejercicio01.csproj", "{5AE9F9C4-F178-4C7F-821D-C65E95F19777}"
EndProject
Project("{FAE04EC0-301F-11D3-BF4B-00C04F79EFBC}") = "Ejercicio02", "Ejercicio02\Ejercicio02.csproj", "{F9F6C33E-818D-4CB2-82B1-B3A98AF7B71C}"
EndProject
Project("{FAE04EC0-301F-11D3-BF4B-00C04F79EFBC}") = "EjercicioClase04", "EjercicioClase04\EjercicioClase04.csproj", "{326D1229-A9D9-46EF-A4A4-49D68E58B04A}"
EndProject
Project("{9A19103F-16F7-4668-BE54-9A1E7A4F7556}") = "Entidades", "Entidades\Entidades.csproj", "{F9675593-19EB-458D-9BB2-5009F7E9CB47}"
EndProject
Project("{FAE04EC0-301F-11D3-BF4B-00C04F79EFBC}") = "EntidadesTest", "EntidadesTest\EntidadesTest.csproj", "{2B8365E3-5D4A-4AFD-896A-272AB4A685AE}"
EndProject
Project("{FAE04EC0-301F-11D3-BF4B-00C04F79EFBC}") = "Ejercicio05", "Ejercicio05\Ejercicio05.csproj", "{8BD84DF1-8714-41DF-ACA9-2BFE5CA7942A}"
EndProject
Project("{FAE04EC0-301F-11D3-BF4B-00C04F79EFBC}") = "Clase06", "Clase06\Clase06.csproj", "{1AA58B64-D039-4EB0-80CF-AEB9EC376761}"
EndProject
Project("{FAE04EC0-301F-11D3-BF4B-00C04F79EFBC}") = "Clase07-1109", "Clase07-1109\Clase07-1109.csproj", "{DFD02621-C1C0-41D7-BE4B-8BA362F9429E}"
EndProject
Project("{FAE04EC0-301F-11D3-BF4B-00C04F79EFBC}") = "Entidades.Clase07", "Entidades.Clase07\Entidades.Clase07.csproj", "{DCCC03DA-E3EA-4B03-8BAF-F0301A963932}"
EndProject
Project("{FAE04EC0-301F-11D3-BF4B-00C04F79EFBC}") = "TestWF-Clase08", "TestWF-Clase08\TestWF-Clase08.csproj", "{C5CE5CEC-DC9E-4129-ADA1-0D16ED28BCE8}"
EndProject
Project("{FAE04EC0-301F-11D3-BF4B-00C04F79EFBC}") = "Ejercicio42", "Ejercicio42\Ejercicio42.csproj", "{0C5AD84D-D4C8-4341-AB3A-73D2614346EE}"
EndProject
Project("{FAE04EC0-301F-11D3-BF4B-00C04F79EFBC}") = "EntidadesClase2310", "EntidadesClase2310\EntidadesClase2310.csproj", "{8DFAF10A-EC27-4300-9B5A-327144E78391}"
EndProject
Project("{FAE04EC0-301F-11D3-BF4B-00C04F79EFBC}") = "EntidadesClase2310b", "EntidadesClase2310b\EntidadesClase2310b.csproj", "{6B1EE6C1-FF4B-4B59-AC84-83C360F5103B}"
EndProject
Project("{FAE04EC0-301F-11D3-BF4B-00C04F79EFBC}") = "EntidadesClase2310Test", "EntidadesClase2310Test\EntidadesClase2310Test.csproj", "{1026A76F-FF91-4427-89F9-D8D1BF1216C8}"
EndProject
Project("{9A19103F-16F7-4668-BE54-9A1E7A4F7556}") = "InterfacesClase2410", "InterfacesClase2410\InterfacesClase2410.csproj", "{84A51D8D-C000-4D7C-BB91-D9EEEABA071E}"
EndProject
Project("{FAE04EC0-301F-11D3-BF4B-00C04F79EFBC}") = "Clase14", "Clase14\Clase14.csproj", "{47216164-91B8-4401-B77C-17538A62D588}"
EndProject
Project("{FAE04EC0-301F-11D3-BF4B-00C04F79EFBC}") = "Clase14Test", "Clase14Test\Clase14Test.csproj", "{6727EE6F-039D-4CD8-A220-D4CD4DD84E7A}"
EndProject
Project("{FAE04EC0-301F-11D3-BF4B-00C04F79EFBC}") = "ConsoleApp1", "ConsoleApp1\ConsoleApp1.csproj", "{53637E7B-CFD9-49C8-922B-C0528DB4E563}"
EndProject
Project("{FAE04EC0-301F-11D3-BF4B-00C04F79EFBC}") = "Clase071118", "Clase071118\Clase071118.csproj", "{B34DEEC7-7640-4457-8380-1A8526BEF78C}"
EndProject
Project("{FAE04EC0-301F-11D3-BF4B-00C04F79EFBC}") = "Console071118", "Console071118\Console071118.csproj", "{FA8B2BF7-07CE-4596-AEC0-6927E0E9E880}"
EndProject
Project("{FAE04EC0-301F-11D3-BF4B-00C04F79EFBC}") = "Clase18", "Clase18\Clase18.csproj", "{685FBC93-4ABD-4701-BA35-85E101FC8157}"
EndProject
Project("{FAE04EC0-301F-11D3-BF4B-00C04F79EFBC}") = "PracticaParcial", "PracticaParcial\PracticaParcial.csproj", "{A34BE546-5CF1-42A0-AA9E-FCF32868011F}"
EndProject
Global
	GlobalSection(SolutionConfigurationPlatforms) = preSolution
		Debug|Any CPU = Debug|Any CPU
		Release|Any CPU = Release|Any CPU
	EndGlobalSection
	GlobalSection(ProjectConfigurationPlatforms) = postSolution
		{FD9600AF-8466-45FD-B685-FFEA4BC4F1A1}.Debug|Any CPU.ActiveCfg = Debug|Any CPU
		{FD9600AF-8466-45FD-B685-FFEA4BC4F1A1}.Debug|Any CPU.Build.0 = Debug|Any CPU
		{FD9600AF-8466-45FD-B685-FFEA4BC4F1A1}.Release|Any CPU.ActiveCfg = Release|Any CPU
		{FD9600AF-8466-45FD-B685-FFEA4BC4F1A1}.Release|Any CPU.Build.0 = Release|Any CPU
		{5AE9F9C4-F178-4C7F-821D-C65E95F19777}.Debug|Any CPU.ActiveCfg = Debug|Any CPU
		{5AE9F9C4-F178-4C7F-821D-C65E95F19777}.Debug|Any CPU.Build.0 = Debug|Any CPU
		{5AE9F9C4-F178-4C7F-821D-C65E95F19777}.Release|Any CPU.ActiveCfg = Release|Any CPU
		{5AE9F9C4-F178-4C7F-821D-C65E95F19777}.Release|Any CPU.Build.0 = Release|Any CPU
		{F9F6C33E-818D-4CB2-82B1-B3A98AF7B71C}.Debug|Any CPU.ActiveCfg = Debug|Any CPU
		{F9F6C33E-818D-4CB2-82B1-B3A98AF7B71C}.Debug|Any CPU.Build.0 = Debug|Any CPU
		{F9F6C33E-818D-4CB2-82B1-B3A98AF7B71C}.Release|Any CPU.ActiveCfg = Release|Any CPU
		{F9F6C33E-818D-4CB2-82B1-B3A98AF7B71C}.Release|Any CPU.Build.0 = Release|Any CPU
		{326D1229-A9D9-46EF-A4A4-49D68E58B04A}.Debug|Any CPU.ActiveCfg = Debug|Any CPU
		{326D1229-A9D9-46EF-A4A4-49D68E58B04A}.Debug|Any CPU.Build.0 = Debug|Any CPU
		{326D1229-A9D9-46EF-A4A4-49D68E58B04A}.Release|Any CPU.ActiveCfg = Release|Any CPU
		{326D1229-A9D9-46EF-A4A4-49D68E58B04A}.Release|Any CPU.Build.0 = Release|Any CPU
		{F9675593-19EB-458D-9BB2-5009F7E9CB47}.Debug|Any CPU.ActiveCfg = Debug|Any CPU
		{F9675593-19EB-458D-9BB2-5009F7E9CB47}.Debug|Any CPU.Build.0 = Debug|Any CPU
		{F9675593-19EB-458D-9BB2-5009F7E9CB47}.Release|Any CPU.ActiveCfg = Release|Any CPU
		{F9675593-19EB-458D-9BB2-5009F7E9CB47}.Release|Any CPU.Build.0 = Release|Any CPU
		{2B8365E3-5D4A-4AFD-896A-272AB4A685AE}.Debug|Any CPU.ActiveCfg = Debug|Any CPU
		{2B8365E3-5D4A-4AFD-896A-272AB4A685AE}.Debug|Any CPU.Build.0 = Debug|Any CPU
		{2B8365E3-5D4A-4AFD-896A-272AB4A685AE}.Release|Any CPU.ActiveCfg = Release|Any CPU
		{2B8365E3-5D4A-4AFD-896A-272AB4A685AE}.Release|Any CPU.Build.0 = Release|Any CPU
		{8BD84DF1-8714-41DF-ACA9-2BFE5CA7942A}.Debug|Any CPU.ActiveCfg = Debug|Any CPU
		{8BD84DF1-8714-41DF-ACA9-2BFE5CA7942A}.Debug|Any CPU.Build.0 = Debug|Any CPU
		{8BD84DF1-8714-41DF-ACA9-2BFE5CA7942A}.Release|Any CPU.ActiveCfg = Release|Any CPU
		{8BD84DF1-8714-41DF-ACA9-2BFE5CA7942A}.Release|Any CPU.Build.0 = Release|Any CPU
		{1AA58B64-D039-4EB0-80CF-AEB9EC376761}.Debug|Any CPU.ActiveCfg = Debug|Any CPU
		{1AA58B64-D039-4EB0-80CF-AEB9EC376761}.Debug|Any CPU.Build.0 = Debug|Any CPU
		{1AA58B64-D039-4EB0-80CF-AEB9EC376761}.Release|Any CPU.ActiveCfg = Release|Any CPU
		{1AA58B64-D039-4EB0-80CF-AEB9EC376761}.Release|Any CPU.Build.0 = Release|Any CPU
		{DFD02621-C1C0-41D7-BE4B-8BA362F9429E}.Debug|Any CPU.ActiveCfg = Debug|Any CPU
		{DFD02621-C1C0-41D7-BE4B-8BA362F9429E}.Debug|Any CPU.Build.0 = Debug|Any CPU
		{DFD02621-C1C0-41D7-BE4B-8BA362F9429E}.Release|Any CPU.ActiveCfg = Release|Any CPU
		{DFD02621-C1C0-41D7-BE4B-8BA362F9429E}.Release|Any CPU.Build.0 = Release|Any CPU
		{DCCC03DA-E3EA-4B03-8BAF-F0301A963932}.Debug|Any CPU.ActiveCfg = Debug|Any CPU
		{DCCC03DA-E3EA-4B03-8BAF-F0301A963932}.Debug|Any CPU.Build.0 = Debug|Any CPU
		{DCCC03DA-E3EA-4B03-8BAF-F0301A963932}.Release|Any CPU.ActiveCfg = Release|Any CPU
		{DCCC03DA-E3EA-4B03-8BAF-F0301A963932}.Release|Any CPU.Build.0 = Release|Any CPU
		{C5CE5CEC-DC9E-4129-ADA1-0D16ED28BCE8}.Debug|Any CPU.ActiveCfg = Debug|Any CPU
		{C5CE5CEC-DC9E-4129-ADA1-0D16ED28BCE8}.Debug|Any CPU.Build.0 = Debug|Any CPU
		{C5CE5CEC-DC9E-4129-ADA1-0D16ED28BCE8}.Release|Any CPU.ActiveCfg = Release|Any CPU
		{C5CE5CEC-DC9E-4129-ADA1-0D16ED28BCE8}.Release|Any CPU.Build.0 = Release|Any CPU
		{0C5AD84D-D4C8-4341-AB3A-73D2614346EE}.Debug|Any CPU.ActiveCfg = Debug|Any CPU
		{0C5AD84D-D4C8-4341-AB3A-73D2614346EE}.Debug|Any CPU.Build.0 = Debug|Any CPU
		{0C5AD84D-D4C8-4341-AB3A-73D2614346EE}.Release|Any CPU.ActiveCfg = Release|Any CPU
		{0C5AD84D-D4C8-4341-AB3A-73D2614346EE}.Release|Any CPU.Build.0 = Release|Any CPU
		{8DFAF10A-EC27-4300-9B5A-327144E78391}.Debug|Any CPU.ActiveCfg = Debug|Any CPU
		{8DFAF10A-EC27-4300-9B5A-327144E78391}.Debug|Any CPU.Build.0 = Debug|Any CPU
		{8DFAF10A-EC27-4300-9B5A-327144E78391}.Release|Any CPU.ActiveCfg = Release|Any CPU
		{8DFAF10A-EC27-4300-9B5A-327144E78391}.Release|Any CPU.Build.0 = Release|Any CPU
		{6B1EE6C1-FF4B-4B59-AC84-83C360F5103B}.Debug|Any CPU.ActiveCfg = Debug|Any CPU
		{6B1EE6C1-FF4B-4B59-AC84-83C360F5103B}.Debug|Any CPU.Build.0 = Debug|Any CPU
		{6B1EE6C1-FF4B-4B59-AC84-83C360F5103B}.Release|Any CPU.ActiveCfg = Release|Any CPU
		{6B1EE6C1-FF4B-4B59-AC84-83C360F5103B}.Release|Any CPU.Build.0 = Release|Any CPU
		{1026A76F-FF91-4427-89F9-D8D1BF1216C8}.Debug|Any CPU.ActiveCfg = Debug|Any CPU
		{1026A76F-FF91-4427-89F9-D8D1BF1216C8}.Debug|Any CPU.Build.0 = Debug|Any CPU
		{1026A76F-FF91-4427-89F9-D8D1BF1216C8}.Release|Any CPU.ActiveCfg = Release|Any CPU
		{1026A76F-FF91-4427-89F9-D8D1BF1216C8}.Release|Any CPU.Build.0 = Release|Any CPU
		{84A51D8D-C000-4D7C-BB91-D9EEEABA071E}.Debug|Any CPU.ActiveCfg = Debug|Any CPU
		{84A51D8D-C000-4D7C-BB91-D9EEEABA071E}.Debug|Any CPU.Build.0 = Debug|Any CPU
		{84A51D8D-C000-4D7C-BB91-D9EEEABA071E}.Release|Any CPU.ActiveCfg = Release|Any CPU
		{84A51D8D-C000-4D7C-BB91-D9EEEABA071E}.Release|Any CPU.Build.0 = Release|Any CPU
		{47216164-91B8-4401-B77C-17538A62D588}.Debug|Any CPU.ActiveCfg = Debug|Any CPU
		{47216164-91B8-4401-B77C-17538A62D588}.Debug|Any CPU.Build.0 = Debug|Any CPU
		{47216164-91B8-4401-B77C-17538A62D588}.Release|Any CPU.ActiveCfg = Release|Any CPU
		{47216164-91B8-4401-B77C-17538A62D588}.Release|Any CPU.Build.0 = Release|Any CPU
		{6727EE6F-039D-4CD8-A220-D4CD4DD84E7A}.Debug|Any CPU.ActiveCfg = Debug|Any CPU
		{6727EE6F-039D-4CD8-A220-D4CD4DD84E7A}.Debug|Any CPU.Build.0 = Debug|Any CPU
		{6727EE6F-039D-4CD8-A220-D4CD4DD84E7A}.Release|Any CPU.ActiveCfg = Release|Any CPU
		{6727EE6F-039D-4CD8-A220-D4CD4DD84E7A}.Release|Any CPU.Build.0 = Release|Any CPU
		{53637E7B-CFD9-49C8-922B-C0528DB4E563}.Debug|Any CPU.ActiveCfg = Debug|Any CPU
		{53637E7B-CFD9-49C8-922B-C0528DB4E563}.Debug|Any CPU.Build.0 = Debug|Any CPU
		{53637E7B-CFD9-49C8-922B-C0528DB4E563}.Release|Any CPU.ActiveCfg = Release|Any CPU
		{53637E7B-CFD9-49C8-922B-C0528DB4E563}.Release|Any CPU.Build.0 = Release|Any CPU
		{B34DEEC7-7640-4457-8380-1A8526BEF78C}.Debug|Any CPU.ActiveCfg = Debug|Any CPU
		{B34DEEC7-7640-4457-8380-1A8526BEF78C}.Debug|Any CPU.Build.0 = Debug|Any CPU
		{B34DEEC7-7640-4457-8380-1A8526BEF78C}.Release|Any CPU.ActiveCfg = Release|Any CPU
		{B34DEEC7-7640-4457-8380-1A8526BEF78C}.Release|Any CPU.Build.0 = Release|Any CPU
		{FA8B2BF7-07CE-4596-AEC0-6927E0E9E880}.Debug|Any CPU.ActiveCfg = Debug|Any CPU
		{FA8B2BF7-07CE-4596-AEC0-6927E0E9E880}.Debug|Any CPU.Build.0 = Debug|Any CPU
		{FA8B2BF7-07CE-4596-AEC0-6927E0E9E880}.Release|Any CPU.ActiveCfg = Release|Any CPU
		{FA8B2BF7-07CE-4596-AEC0-6927E0E9E880}.Release|Any CPU.Build.0 = Release|Any CPU
		{685FBC93-4ABD-4701-BA35-85E101FC8157}.Debug|Any CPU.ActiveCfg = Debug|Any CPU
		{685FBC93-4ABD-4701-BA35-85E101FC8157}.Debug|Any CPU.Build.0 = Debug|Any CPU
		{685FBC93-4ABD-4701-BA35-85E101FC8157}.Release|Any CPU.ActiveCfg = Release|Any CPU
		{685FBC93-4ABD-4701-BA35-85E101FC8157}.Release|Any CPU.Build.0 = Release|Any CPU
		{A34BE546-5CF1-42A0-AA9E-FCF32868011F}.Debug|Any CPU.ActiveCfg = Debug|Any CPU
		{A34BE546-5CF1-42A0-AA9E-FCF32868011F}.Debug|Any CPU.Build.0 = Debug|Any CPU
		{A34BE546-5CF1-42A0-AA9E-FCF32868011F}.Release|Any CPU.ActiveCfg = Release|Any CPU
		{A34BE546-5CF1-42A0-AA9E-FCF32868011F}.Release|Any CPU.Build.0 = Release|Any CPU
	EndGlobalSection
	GlobalSection(SolutionProperties) = preSolution
		HideSolutionNode = FALSE
	EndGlobalSection
	GlobalSection(ExtensibilityGlobals) = postSolution
		SolutionGuid = {A49D0F4F-E79B-4E62-B7BC-410459B48997}
	EndGlobalSection
EndGlobal
